
Microsoft Visual Studio Solution File, Format Version 12.00
# Visual Studio Version 17
VisualStudioVersion = 17.11.35312.102
MinimumVisualStudioVersion = 10.0.40219.1
Project("{FAE04EC0-301F-11D3-BF4B-00C04F79EFBC}") = "Nanu_Alexandra_Lab2", "Nanu_Alexandra_Lab2.csproj", "{6F9B5381-CBEE-4120-A994-B740A1D19AA6}"
EndProject
Global
	GlobalSection(SolutionConfigurationPlatforms) = preSolution
		Debug|Any CPU = Debug|Any CPU
		Release|Any CPU = Release|Any CPU
	EndGlobalSection
	GlobalSection(ProjectConfigurationPlatforms) = postSolution
		{6F9B5381-CBEE-4120-A994-B740A1D19AA6}.Debug|Any CPU.ActiveCfg = Debug|Any CPU
		{6F9B5381-CBEE-4120-A994-B740A1D19AA6}.Debug|Any CPU.Build.0 = Debug|Any CPU
		{6F9B5381-CBEE-4120-A994-B740A1D19AA6}.Release|Any CPU.ActiveCfg = Release|Any CPU
		{6F9B5381-CBEE-4120-A994-B740A1D19AA6}.Release|Any CPU.Build.0 = Release|Any CPU
	EndGlobalSection
	GlobalSection(SolutionProperties) = preSolution
		HideSolutionNode = FALSE
	EndGlobalSection
	GlobalSection(ExtensibilityGlobals) = postSolution
		SolutionGuid = {6CC5B655-B1B2-4446-91EE-CE410DBF8F4A}
	EndGlobalSection
EndGlobal
